
Microsoft Visual Studio Solution File, Format Version 12.00
# Visual Studio Version 18
VisualStudioVersion = 18.0.11222.15
MinimumVisualStudioVersion = 10.0.40219.1
Project("{FAE04EC0-301F-11D3-BF4B-00C04F79EFBC}") = "Apontamento", "Apontamento.csproj", "{1A7AD457-8AB1-4DC6-8F7B-780127A7CB33}"
EndProject
Project("{FAE04EC0-301F-11D3-BF4B-00C04F79EFBC}") = "DAO", "DAO\DAO.csproj", "{BCF2AF8F-301E-47C6-B582-2B742784420F}"
EndProject
Project("{FAE04EC0-301F-11D3-BF4B-00C04F79EFBC}") = "Core", "Core\Core.csproj", "{C763BDE9-173E-46E6-88B2-69844F4D5325}"
EndProject
Global
	GlobalSection(SolutionConfigurationPlatforms) = preSolution
		Debug|Any CPU = Debug|Any CPU
		Release|Any CPU = Release|Any CPU
	EndGlobalSection
	GlobalSection(ProjectConfigurationPlatforms) = postSolution
		{1A7AD457-8AB1-4DC6-8F7B-780127A7CB33}.Debug|Any CPU.ActiveCfg = Debug|Any CPU
		{1A7AD457-8AB1-4DC6-8F7B-780127A7CB33}.Debug|Any CPU.Build.0 = Debug|Any CPU
		{1A7AD457-8AB1-4DC6-8F7B-780127A7CB33}.Release|Any CPU.ActiveCfg = Release|Any CPU
		{1A7AD457-8AB1-4DC6-8F7B-780127A7CB33}.Release|Any CPU.Build.0 = Release|Any CPU
		{BCF2AF8F-301E-47C6-B582-2B742784420F}.Debug|Any CPU.ActiveCfg = Debug|Any CPU
		{BCF2AF8F-301E-47C6-B582-2B742784420F}.Debug|Any CPU.Build.0 = Debug|Any CPU
		{BCF2AF8F-301E-47C6-B582-2B742784420F}.Release|Any CPU.ActiveCfg = Release|Any CPU
		{BCF2AF8F-301E-47C6-B582-2B742784420F}.Release|Any CPU.Build.0 = Release|Any CPU
		{C763BDE9-173E-46E6-88B2-69844F4D5325}.Debug|Any CPU.ActiveCfg = Debug|Any CPU
		{C763BDE9-173E-46E6-88B2-69844F4D5325}.Debug|Any CPU.Build.0 = Debug|Any CPU
		{C763BDE9-173E-46E6-88B2-69844F4D5325}.Release|Any CPU.ActiveCfg = Release|Any CPU
		{C763BDE9-173E-46E6-88B2-69844F4D5325}.Release|Any CPU.Build.0 = Release|Any CPU
	EndGlobalSection
	GlobalSection(SolutionProperties) = preSolution
		HideSolutionNode = FALSE
	EndGlobalSection
	GlobalSection(ExtensibilityGlobals) = postSolution
		SolutionGuid = {884C533A-0EFF-42CF-96D5-1D3225FFE5B1}
	EndGlobalSection
EndGlobal
